
Microsoft Visual Studio Solution File, Format Version 12.00
# Visual Studio 15
VisualStudioVersion = 15.0.28010.2050
MinimumVisualStudioVersion = 10.0.40219.1
Project("{9A19103F-16F7-4668-BE54-9A1E7A4F7556}") = "shopapi", "shopapi\shopapi.csproj", "{319A1ADC-20ED-4EBF-914E-326F106E7CB2}"
EndProject
Project("{9A19103F-16F7-4668-BE54-9A1E7A4F7556}") = "shopapi.tests", "shopapi.tests\shopapi.tests.csproj", "{605B365A-A34A-4C82-9E78-5E319761C3F4}"
EndProject
Global
	GlobalSection(SolutionConfigurationPlatforms) = preSolution
		Debug|Any CPU = Debug|Any CPU
		Release|Any CPU = Release|Any CPU
	EndGlobalSection
	GlobalSection(ProjectConfigurationPlatforms) = postSolution
		{319A1ADC-20ED-4EBF-914E-326F106E7CB2}.Debug|Any CPU.ActiveCfg = Debug|Any CPU
		{319A1ADC-20ED-4EBF-914E-326F106E7CB2}.Debug|Any CPU.Build.0 = Debug|Any CPU
		{319A1ADC-20ED-4EBF-914E-326F106E7CB2}.Release|Any CPU.ActiveCfg = Release|Any CPU
		{319A1ADC-20ED-4EBF-914E-326F106E7CB2}.Release|Any CPU.Build.0 = Release|Any CPU
		{605B365A-A34A-4C82-9E78-5E319761C3F4}.Debug|Any CPU.ActiveCfg = Debug|Any CPU
		{605B365A-A34A-4C82-9E78-5E319761C3F4}.Debug|Any CPU.Build.0 = Debug|Any CPU
		{605B365A-A34A-4C82-9E78-5E319761C3F4}.Release|Any CPU.ActiveCfg = Release|Any CPU
		{605B365A-A34A-4C82-9E78-5E319761C3F4}.Release|Any CPU.Build.0 = Release|Any CPU
	EndGlobalSection
	GlobalSection(SolutionProperties) = preSolution
		HideSolutionNode = FALSE
	EndGlobalSection
	GlobalSection(ExtensibilityGlobals) = postSolution
		SolutionGuid = {FD8B295C-985F-4D3A-8E27-5710C5A4FA6E}
	EndGlobalSection
EndGlobal
